{
    "_readme": [
        "This file locks the dependencies of your project to a known state",
        "Read more about it at https://getcomposer.org/doc/01-basic-usage.md#composer-lock-the-lock-file",
        "This file is @generated automatically"
    ],
    "content-hash": "97497a9312d7158e0ccd8ce5c7358d63",
    "packages": [
        {
            "name": "art-of-wifi/unifi-api-client",
            "version": "v1.1.15",
            "source": {
                "type": "git",
                "url": "https://github.com/Art-of-WiFi/UniFi-API-client.git",
                "reference": "971c77ab5f49cbd54d0eae169da84316011614de"
            },
            "dist": {
                "type": "zip",
                "url": "https://api.github.com/repos/Art-of-WiFi/UniFi-API-client/zipball/971c77ab5f49cbd54d0eae169da84316011614de",
                "reference": "971c77ab5f49cbd54d0eae169da84316011614de",
                "shasum": ""
            },
            "require": {
                "ext-curl": "*",
                "php": ">=5.4.0"
            },
            "type": "library",
            "autoload": {
                "psr-4": {
                    "UniFi_API\\": "src/"
                }
            },
            "notification-url": "https://packagist.org/downloads/",
            "license": [
                "MIT"
            ],
            "authors": [
                {
                    "name": "Art of WiFi",
                    "email": "info@artofowifi.net",
                    "homepage": "http://artofwifi.net"
                }
            ],
            "description": "API client class for use with Ubiquiti's UniFi controller",
            "homepage": "https://github.com/Art-of-WiFi/UniFi-API-client",
            "keywords": [
                "UBNT",
                "api",
                "client",
                "controller",
                "ubiquiti",
                "unifi"
            ],
            "time": "2017-09-14T10:15:21+00:00"
        },
        {
            "name": "kint-php/kint",
            "version": "2.2",
            "source": {
                "type": "git",
                "url": "https://github.com/kint-php/kint.git",
                "reference": "b091715eadaf6e1a7ef927f3e81d1004611d2aea"
            },
            "dist": {
                "type": "zip",
                "url": "https://api.github.com/repos/kint-php/kint/zipball/b091715eadaf6e1a7ef927f3e81d1004611d2aea",
                "reference": "b091715eadaf6e1a7ef927f3e81d1004611d2aea",
                "shasum": ""
            },
            "require": {
                "php": ">=5.1.2"
            },
            "require-dev": {
                "friendsofphp/php-cs-fixer": "^2.0",
                "phpunit/phpunit": "^4.0",
                "symfony/finder": "^2.6"
            },
            "type": "library",
            "autoload": {
                "files": [
                    "init.php"
                ],
                "classmap": [
                    "src/"
                ]
            },
            "notification-url": "https://packagist.org/downloads/",
            "license": [
                "MIT"
            ],
            "authors": [
                {
                    "name": "Rokas Šleinius",
                    "homepage": "https://github.com/raveren"
                },
                {
                    "name": "Jonathan Vollebregt",
                    "homepage": "https://github.com/jnvsor"
                },
                {
                    "name": "Contributors",
                    "homepage": "https://github.com/kint-php/kint/graphs/contributors"
                }
            ],
            "description": "Kint - debugging tool for PHP developers",
            "homepage": "https://kint-php.github.io/kint/",
            "keywords": [
                "debug",
                "kint",
                "php"
            ],
            "time": "2017-09-06T17:46:03+00:00"
        }
    ],
    "packages-dev": [],
    "aliases": [],
    "minimum-stability": "stable",
    "stability-flags": [],
    "prefer-stable": false,
    "prefer-lowest": false,
    "platform": [],
    "platform-dev": []
}
